
Microsoft Visual Studio Solution File, Format Version 12.00
# Visual Studio 15
VisualStudioVersion = 15.0.28010.2003
MinimumVisualStudioVersion = 10.0.40219.1
Project("{888888A0-9F3D-457C-B088-3A5042F75D52}") = "IM-processing", "IM-processing\IM-processing.pyproj", "{E5ADC750-7FE7-4F1A-8A50-2710E38DE0BD}"
EndProject
Global
	GlobalSection(SolutionConfigurationPlatforms) = preSolution
		Debug|Any CPU = Debug|Any CPU
		Release|Any CPU = Release|Any CPU
	EndGlobalSection
	GlobalSection(ProjectConfigurationPlatforms) = postSolution
		{E5ADC750-7FE7-4F1A-8A50-2710E38DE0BD}.Debug|Any CPU.ActiveCfg = Debug|Any CPU
		{E5ADC750-7FE7-4F1A-8A50-2710E38DE0BD}.Release|Any CPU.ActiveCfg = Release|Any CPU
	EndGlobalSection
	GlobalSection(SolutionProperties) = preSolution
		HideSolutionNode = FALSE
	EndGlobalSection
	GlobalSection(ExtensibilityGlobals) = postSolution
		SolutionGuid = {B371A98F-BF6A-4B91-899C-62B9B8806B52}
	EndGlobalSection
EndGlobal
